
Microsoft Visual Studio Solution File, Format Version 12.00
# Visual Studio Version 16
VisualStudioVersion = 16.0.30104.148
MinimumVisualStudioVersion = 10.0.40219.1
Project("{9A19103F-16F7-4668-BE54-9A1E7A4F7556}") = "FizzBuzzerApp", "FizzBuzzerApp\FizzBuzzerApp.csproj", "{25562C75-C1CD-4B36-8810-5C1F6E4360BA}"
EndProject
Project("{FAE04EC0-301F-11D3-BF4B-00C04F79EFBC}") = "FizzBuzzerApp.Tests", "FizzBuzzerApp.Tests\FizzBuzzerApp.Tests.csproj", "{A276B2B4-199C-4144-89E4-2DDE7F227D3C}"
EndProject
Global
	GlobalSection(SolutionConfigurationPlatforms) = preSolution
		Debug|Any CPU = Debug|Any CPU
		Release|Any CPU = Release|Any CPU
	EndGlobalSection
	GlobalSection(ProjectConfigurationPlatforms) = postSolution
		{25562C75-C1CD-4B36-8810-5C1F6E4360BA}.Debug|Any CPU.ActiveCfg = Debug|Any CPU
		{25562C75-C1CD-4B36-8810-5C1F6E4360BA}.Debug|Any CPU.Build.0 = Debug|Any CPU
		{25562C75-C1CD-4B36-8810-5C1F6E4360BA}.Release|Any CPU.ActiveCfg = Release|Any CPU
		{25562C75-C1CD-4B36-8810-5C1F6E4360BA}.Release|Any CPU.Build.0 = Release|Any CPU
		{A276B2B4-199C-4144-89E4-2DDE7F227D3C}.Debug|Any CPU.ActiveCfg = Debug|Any CPU
		{A276B2B4-199C-4144-89E4-2DDE7F227D3C}.Debug|Any CPU.Build.0 = Debug|Any CPU
		{A276B2B4-199C-4144-89E4-2DDE7F227D3C}.Release|Any CPU.ActiveCfg = Release|Any CPU
		{A276B2B4-199C-4144-89E4-2DDE7F227D3C}.Release|Any CPU.Build.0 = Release|Any CPU
	EndGlobalSection
	GlobalSection(SolutionProperties) = preSolution
		HideSolutionNode = FALSE
	EndGlobalSection
	GlobalSection(ExtensibilityGlobals) = postSolution
		SolutionGuid = {16391095-2089-4114-A8F6-6878F579FE99}
	EndGlobalSection
EndGlobal
